
Microsoft Visual Studio Solution File, Format Version 12.00
# Visual Studio Version 17
VisualStudioVersion = 17.14.36603.0 d17.14
MinimumVisualStudioVersion = 10.0.40219.1
Project("{2150E333-8FDC-42A3-9474-1A3956D46DE8}") = "src", "src", "{02EA681E-C7D8-13C7-8484-4AC65E1B71E8}"
EndProject
Project("{2150E333-8FDC-42A3-9474-1A3956D46DE8}") = "tests", "tests", "{117E1ED4-54F9-497B-A377-40CE617B29B5}"
EndProject
Project("{2150E333-8FDC-42A3-9474-1A3956D46DE8}") = "backend", "backend", "{16FE5534-E86D-4DCE-B9F7-9A6C0DA83512}"
EndProject
Project("{2150E333-8FDC-42A3-9474-1A3956D46DE8}") = "shared", "shared", "{D2A3006D-F0C5-4F27-B803-2C9DF512A9C0}"
EndProject
Project("{FAE04EC0-301F-11D3-BF4B-00C04F79EFBC}") = "Blog.API", "src\backend\Blog.API\Blog.API.csproj", "{61CE7772-136B-4311-A854-DFD5BEB88FEF}"
EndProject
Project("{FAE04EC0-301F-11D3-BF4B-00C04F79EFBC}") = "Blog.Aplication", "src\backend\Blog.Aplication\Blog.Aplication.csproj", "{53E325DB-FF8A-4850-8602-C8F7E7A04C5C}"
EndProject
Project("{FAE04EC0-301F-11D3-BF4B-00C04F79EFBC}") = "Bog.Domain", "src\backend\Bog.Domain\Bog.Domain.csproj", "{C1D63545-9AAF-4F65-8A18-58EBD95EB9BB}"
EndProject
Project("{FAE04EC0-301F-11D3-BF4B-00C04F79EFBC}") = "Blog.Infra", "src\backend\Blog.Infra\Blog.Infra.csproj", "{2A2B6033-A157-4EC0-AF68-C223062FFFE1}"
EndProject
Project("{FAE04EC0-301F-11D3-BF4B-00C04F79EFBC}") = "Blog.Comunication", "src\shared\Blog.Comunication\Blog.Comunication.csproj", "{7DD29BF5-1E55-4DE8-B40C-1B991F02F2A8}"
EndProject
Project("{FAE04EC0-301F-11D3-BF4B-00C04F79EFBC}") = "Blog.Exception", "Blog.Exception\Blog.Exception.csproj", "{995610EC-512B-40AC-B920-00746D6EC204}"
EndProject
Project("{FAE04EC0-301F-11D3-BF4B-00C04F79EFBC}") = "Blog.Utils", "Blog.Utils\Blog.Utils.csproj", "{BBB5CB11-AF05-4C49-97D6-D002A5EA3BDB}"
EndProject
Global
	GlobalSection(SolutionConfigurationPlatforms) = preSolution
		Debug|Any CPU = Debug|Any CPU
		Release|Any CPU = Release|Any CPU
	EndGlobalSection
	GlobalSection(ProjectConfigurationPlatforms) = postSolution
		{61CE7772-136B-4311-A854-DFD5BEB88FEF}.Debug|Any CPU.ActiveCfg = Debug|Any CPU
		{61CE7772-136B-4311-A854-DFD5BEB88FEF}.Debug|Any CPU.Build.0 = Debug|Any CPU
		{61CE7772-136B-4311-A854-DFD5BEB88FEF}.Release|Any CPU.ActiveCfg = Release|Any CPU
		{61CE7772-136B-4311-A854-DFD5BEB88FEF}.Release|Any CPU.Build.0 = Release|Any CPU
		{53E325DB-FF8A-4850-8602-C8F7E7A04C5C}.Debug|Any CPU.ActiveCfg = Debug|Any CPU
		{53E325DB-FF8A-4850-8602-C8F7E7A04C5C}.Debug|Any CPU.Build.0 = Debug|Any CPU
		{53E325DB-FF8A-4850-8602-C8F7E7A04C5C}.Release|Any CPU.ActiveCfg = Release|Any CPU
		{53E325DB-FF8A-4850-8602-C8F7E7A04C5C}.Release|Any CPU.Build.0 = Release|Any CPU
		{C1D63545-9AAF-4F65-8A18-58EBD95EB9BB}.Debug|Any CPU.ActiveCfg = Debug|Any CPU
		{C1D63545-9AAF-4F65-8A18-58EBD95EB9BB}.Debug|Any CPU.Build.0 = Debug|Any CPU
		{C1D63545-9AAF-4F65-8A18-58EBD95EB9BB}.Release|Any CPU.ActiveCfg = Release|Any CPU
		{C1D63545-9AAF-4F65-8A18-58EBD95EB9BB}.Release|Any CPU.Build.0 = Release|Any CPU
		{2A2B6033-A157-4EC0-AF68-C223062FFFE1}.Debug|Any CPU.ActiveCfg = Debug|Any CPU
		{2A2B6033-A157-4EC0-AF68-C223062FFFE1}.Debug|Any CPU.Build.0 = Debug|Any CPU
		{2A2B6033-A157-4EC0-AF68-C223062FFFE1}.Release|Any CPU.ActiveCfg = Release|Any CPU
		{2A2B6033-A157-4EC0-AF68-C223062FFFE1}.Release|Any CPU.Build.0 = Release|Any CPU
		{7DD29BF5-1E55-4DE8-B40C-1B991F02F2A8}.Debug|Any CPU.ActiveCfg = Debug|Any CPU
		{7DD29BF5-1E55-4DE8-B40C-1B991F02F2A8}.Debug|Any CPU.Build.0 = Debug|Any CPU
		{7DD29BF5-1E55-4DE8-B40C-1B991F02F2A8}.Release|Any CPU.ActiveCfg = Release|Any CPU
		{7DD29BF5-1E55-4DE8-B40C-1B991F02F2A8}.Release|Any CPU.Build.0 = Release|Any CPU
		{995610EC-512B-40AC-B920-00746D6EC204}.Debug|Any CPU.ActiveCfg = Debug|Any CPU
		{995610EC-512B-40AC-B920-00746D6EC204}.Debug|Any CPU.Build.0 = Debug|Any CPU
		{995610EC-512B-40AC-B920-00746D6EC204}.Release|Any CPU.ActiveCfg = Release|Any CPU
		{995610EC-512B-40AC-B920-00746D6EC204}.Release|Any CPU.Build.0 = Release|Any CPU
		{BBB5CB11-AF05-4C49-97D6-D002A5EA3BDB}.Debug|Any CPU.ActiveCfg = Debug|Any CPU
		{BBB5CB11-AF05-4C49-97D6-D002A5EA3BDB}.Debug|Any CPU.Build.0 = Debug|Any CPU
		{BBB5CB11-AF05-4C49-97D6-D002A5EA3BDB}.Release|Any CPU.ActiveCfg = Release|Any CPU
		{BBB5CB11-AF05-4C49-97D6-D002A5EA3BDB}.Release|Any CPU.Build.0 = Release|Any CPU
	EndGlobalSection
	GlobalSection(SolutionProperties) = preSolution
		HideSolutionNode = FALSE
	EndGlobalSection
	GlobalSection(NestedProjects) = preSolution
		{16FE5534-E86D-4DCE-B9F7-9A6C0DA83512} = {02EA681E-C7D8-13C7-8484-4AC65E1B71E8}
		{D2A3006D-F0C5-4F27-B803-2C9DF512A9C0} = {02EA681E-C7D8-13C7-8484-4AC65E1B71E8}
		{61CE7772-136B-4311-A854-DFD5BEB88FEF} = {16FE5534-E86D-4DCE-B9F7-9A6C0DA83512}
		{53E325DB-FF8A-4850-8602-C8F7E7A04C5C} = {16FE5534-E86D-4DCE-B9F7-9A6C0DA83512}
		{C1D63545-9AAF-4F65-8A18-58EBD95EB9BB} = {16FE5534-E86D-4DCE-B9F7-9A6C0DA83512}
		{2A2B6033-A157-4EC0-AF68-C223062FFFE1} = {16FE5534-E86D-4DCE-B9F7-9A6C0DA83512}
		{7DD29BF5-1E55-4DE8-B40C-1B991F02F2A8} = {D2A3006D-F0C5-4F27-B803-2C9DF512A9C0}
		{995610EC-512B-40AC-B920-00746D6EC204} = {D2A3006D-F0C5-4F27-B803-2C9DF512A9C0}
		{BBB5CB11-AF05-4C49-97D6-D002A5EA3BDB} = {D2A3006D-F0C5-4F27-B803-2C9DF512A9C0}
	EndGlobalSection
	GlobalSection(ExtensibilityGlobals) = postSolution
		SolutionGuid = {C8278AD6-10DB-4F4B-89E3-BBE4E1454B61}
	EndGlobalSection
EndGlobal
